<?xml version="1.0" encoding="utf-8"?>
<Project ToolsVersion="4.0" xmlns="http://schemas.microsoft.com/developer/msbuild/2003">
  <ItemGroup>
    <Filter Include="source">
      <UniqueIdentifier>{b0ac7b89-bd12-42fb-8c9d-a390e410f9c2}</UniqueIdentifier>
    </Filter>
    <Filter Include="source\Player">
      <UniqueIdentifier>{00656123-ee7e-43e6-9240-6b57176cd440}</UniqueIdentifier>
    </Filter>
    <Filter Include="source\Adaptation">
      <UniqueIdentifier>{833da9b1-f149-4468-aed7-b38ee2cc011c}</UniqueIdentifier>
    </Filter>
    <Filter Include="source\Adaptation\AlgDefStructs">
      <UniqueIdentifier>{4b9c3b56-7007-4d9b-b4f1-5a4f3266352d}</UniqueIdentifier>
    </Filter>
    <Filter Include="source\AuxStructs">
      <UniqueIdentifier>{8728b146-139c-4469-80f0-3762b168b0f0}</UniqueIdentifier>
    </Filter>
    <Filter Include="export">
      <UniqueIdentifier>{dcd872aa-bde6-49f5-8eef-26ed36ba9ae8}</UniqueIdentifier>
    </Filter>
    <Filter Include="headers">
      <UniqueIdentifier>{567d1337-6399-4ecd-a807-4f091b17310f}</UniqueIdentifier>
    </Filter>
    <Filter Include="headers\Player">
      <UniqueIdentifier>{99620a44-55be-4fe2-b0f4-642796aeb239}</UniqueIdentifier>
    </Filter>
    <Filter Include="headers\Adaptation">
      <UniqueIdentifier>{713eb811-b62a-4e66-869e-3787755e0218}</UniqueIdentifier>
    </Filter>
    <Filter Include="headers\Adaptation\AlgDefStructs">
      <UniqueIdentifier>{4bb70afa-2a40-40e3-a454-4092806b9fa2}</UniqueIdentifier>
    </Filter>
    <Filter Include="headers\AuxStructs">
      <UniqueIdentifier>{90e88c76-d096-493d-82da-a9bd6e49c0e9}</UniqueIdentifier>
    </Filter>
  </ItemGroup>
  <ItemGroup>
    <ClCompile Include="source\GIMMECore.cpp">
      <Filter>source</Filter>
    </ClCompile>
    <ClCompile Include="source\Player\Player.cpp">
      <Filter>source\Player</Filter>
    </ClCompile>
    <ClCompile Include="source\Adaptation\Adaptation.cpp">
      <Filter>source\Adaptation</Filter>
    </ClCompile>
    <ClCompile Include="source\Adaptation\AlgDefStructs\ConfigGenAlg.cpp">
      <Filter>source\Adaptation\AlgDefStructs</Filter>
    </ClCompile>
    <ClCompile Include="source\Adaptation\AlgDefStructs\FitnessAlg.cpp">
      <Filter>source\Adaptation\AlgDefStructs</Filter>
    </ClCompile>
    <ClCompile Include="source\Adaptation\AlgDefStructs\RegressionAlg.cpp">
      <Filter>source\Adaptation\AlgDefStructs</Filter>
    </ClCompile>
    <ClCompile Include="source\AuxStructs\RandomGen.cpp">
      <Filter>source\AuxStructs</Filter>
    </ClCompile>
  </ItemGroup>
  <ItemGroup>
    <None Include="source\AuxStructs\RandomGen.inl">
      <Filter>source\AuxStructs</Filter>
    </None>
    <None Include="export\GIMMEBridge.cs">
      <Filter>export</Filter>
    </None>
    <None Include="ClassDiagram.cd" />
  </ItemGroup>
  <ItemGroup>
    <ClInclude Include="headers\GIMMECore.h">
      <Filter>headers</Filter>
    </ClInclude>
    <ClInclude Include="headers\Player\Player.h">
      <Filter>headers\Player</Filter>
    </ClInclude>
    <ClInclude Include="headers\Player\PlayerStructs.h">
      <Filter>headers\Player</Filter>
    </ClInclude>
    <ClInclude Include="headers\Adaptation\Adaptation.h">
      <Filter>headers\Adaptation</Filter>
    </ClInclude>
    <ClInclude Include="headers\Adaptation\AdaptationStructs.h">
      <Filter>headers\Adaptation</Filter>
    </ClInclude>
    <ClInclude Include="headers\Adaptation\AlgDefStructs\ConfigsGenAlg.h">
      <Filter>headers\Adaptation\AlgDefStructs</Filter>
    </ClInclude>
    <ClInclude Include="headers\Adaptation\AlgDefStructs\FitnessAlg.h">
      <Filter>headers\Adaptation\AlgDefStructs</Filter>
    </ClInclude>
    <ClInclude Include="headers\Adaptation\AlgDefStructs\RegressionAlg.h">
      <Filter>headers\Adaptation\AlgDefStructs</Filter>
    </ClInclude>
    <ClInclude Include="headers\AuxStructs\InteractionsProfile.h">
      <Filter>headers\AuxStructs</Filter>
    </ClInclude>
    <ClInclude Include="headers\AuxStructs\RandomGen.h">
      <Filter>headers\AuxStructs</Filter>
    </ClInclude>
  </ItemGroup>
</Project>