<?xml version="1.0" encoding="utf-8"?>
<Project ToolsVersion="4.0" xmlns="http://schemas.microsoft.com/developer/msbuild/2003">
  <ItemGroup>
    <ClCompile Include="source\Student.cpp" />
    <ClCompile Include="source\Student.cpp" />
    <ClCompile Include="source\main.cpp" />
    <ClCompile Include="source\Student.cpp" />
    <ClCompile Include="source\Adaptation.cpp">
      <Filter>source</Filter>
    </ClCompile>
    <ClCompile Include="source\main.cpp">
      <Filter>source</Filter>
    </ClCompile>
    <ClCompile Include="source\Student.cpp">
      <Filter>source</Filter>
    </ClCompile>
    <ClCompile Include="source\Core.cpp">
      <Filter>source</Filter>
    </ClCompile>
  </ItemGroup>
  <ItemGroup>
    <Filter Include="headers">
      <UniqueIdentifier>{96a334b7-76f8-434f-8084-a5f979eee50a}</UniqueIdentifier>
    </Filter>
    <Filter Include="source">
      <UniqueIdentifier>{518abf80-8e54-4ac4-ab48-d1faba657ced}</UniqueIdentifier>
    </Filter>
  </ItemGroup>
  <ItemGroup>
    <ClInclude Include="headers\Utilities.h">
      <Filter>headers</Filter>
    </ClInclude>
    <ClInclude Include="headers\Adaptation.h">
      <Filter>headers</Filter>
    </ClInclude>
    <ClInclude Include="headers\Globals.h">
      <Filter>headers</Filter>
    </ClInclude>
    <ClInclude Include="headers\Student.h">
      <Filter>headers</Filter>
    </ClInclude>
    <ClInclude Include="Core.h">
      <Filter>headers</Filter>
    </ClInclude>
  </ItemGroup>
</Project>